{
  "pins" : [
    {
      "identity" : "apollo-ios",
      "kind" : "remoteSourceControl",
      "location" : "https://github.com/apollographql/apollo-ios.git",
      "state" : {
        "revision" : "99dfbdb869dbba16bd09e086b2b669bfcab811ec",
        "version" : "1.12.2"
      }
    },
    {
      "identity" : "apollo-ios-codegen",
      "kind" : "remoteSourceControl",
      "location" : "https://github.com/apollographql/apollo-ios-codegen.git",
      "state" : {
        "revision" : "6e7bd0dd3f8620685b2c510dafeecef8e74ef8d1",
        "version" : "1.12.2"
      }
    },
    {
      "identity" : "apollocombine",
      "kind" : "remoteSourceControl",
      "location" : "https://github.com/joel-perry/ApolloCombine",
      "state" : {
        "revision" : "2c254607c935b3c8c10cf053a425f2d36ca18759",
        "version" : "0.8.0"
      }
    },
    {
      "identity" : "charts",
      "kind" : "remoteSourceControl",
      "location" : "https://github.com/danielgindi/Charts.git",
      "state" : {
        "revision" : "dd9c72e3d7e751e769971092a6bd72d39198ae63",
        "version" : "5.1.0"
      }
    },
    {
      "identity" : "inflectorkit",
      "kind" : "remoteSourceControl",
      "location" : "https://github.com/mattt/InflectorKit",
      "state" : {
        "revision" : "d8cbcc04972690aaa5fc760a2b9ddb3e9f0decd7",
        "version" : "1.0.0"
      }
    },
    {
      "identity" : "kingfisher",
      "kind" : "remoteSourceControl",
      "location" : "https://github.com/onevcat/Kingfisher.git",
      "state" : {
        "revision" : "5b92f029fab2cce44386d28588098b5be0824ef5",
        "version" : "7.11.0"
      }
    },
    {
      "identity" : "refreshable",
      "kind" : "remoteSourceControl",
      "location" : "https://github.com/hoangtaiki/Refreshable",
      "state" : {
        "revision" : "505ced56bc0b6e694bd5e413ea1cb98d0f52b31f",
        "version" : "1.3.0"
      }
    },
    {
      "identity" : "sqlite.swift",
      "kind" : "remoteSourceControl",
      "location" : "https://github.com/stephencelis/SQLite.swift.git",
      "state" : {
        "revision" : "a95fc6df17d108bd99210db5e8a9bac90fe984b8",
        "version" : "0.15.3"
      }
    },
    {
      "identity" : "swift-argument-parser",
      "kind" : "remoteSourceControl",
      "location" : "https://github.com/apple/swift-argument-parser.git",
      "state" : {
        "revision" : "0fbc8848e389af3bb55c182bc19ca9d5dc2f255b",
        "version" : "1.4.0"
      }
    },
    {
      "identity" : "swift-collections",
      "kind" : "remoteSourceControl",
      "location" : "https://github.com/apple/swift-collections",
      "state" : {
        "revision" : "94cf62b3ba8d4bed62680a282d4c25f9c63c2efb",
        "version" : "1.1.0"
      }
    }
  ],
  "version" : 2
}
